
Microsoft Visual Studio Solution File, Format Version 12.00
# Visual Studio Version 17
VisualStudioVersion = 17.5.33516.290
MinimumVisualStudioVersion = 10.0.40219.1
Project("{54A90642-561A-4BB1-A94E-469ADEE60C69}") = "WorldCities", "WorldCities\WorldCities.esproj", "{ECEDA7FE-D6DC-4DA1-9616-99848865EF4A}"
EndProject
Project("{FAE04EC0-301F-11D3-BF4B-00C04F79EFBC}") = "WorldCitiesAPI", "WorldCitiesAPI\WorldCitiesAPI.csproj", "{5091D43C-6DAB-4A47-BD3E-E05DFBE33C01}"
EndProject
Global
	GlobalSection(SolutionConfigurationPlatforms) = preSolution
		Debug|Any CPU = Debug|Any CPU
		Release|Any CPU = Release|Any CPU
	EndGlobalSection
	GlobalSection(ProjectConfigurationPlatforms) = postSolution
		{ECEDA7FE-D6DC-4DA1-9616-99848865EF4A}.Debug|Any CPU.ActiveCfg = Debug|Any CPU
		{ECEDA7FE-D6DC-4DA1-9616-99848865EF4A}.Debug|Any CPU.Build.0 = Debug|Any CPU
		{ECEDA7FE-D6DC-4DA1-9616-99848865EF4A}.Debug|Any CPU.Deploy.0 = Debug|Any CPU
		{ECEDA7FE-D6DC-4DA1-9616-99848865EF4A}.Release|Any CPU.ActiveCfg = Release|Any CPU
		{ECEDA7FE-D6DC-4DA1-9616-99848865EF4A}.Release|Any CPU.Build.0 = Release|Any CPU
		{ECEDA7FE-D6DC-4DA1-9616-99848865EF4A}.Release|Any CPU.Deploy.0 = Release|Any CPU
		{5091D43C-6DAB-4A47-BD3E-E05DFBE33C01}.Debug|Any CPU.ActiveCfg = Debug|Any CPU
		{5091D43C-6DAB-4A47-BD3E-E05DFBE33C01}.Debug|Any CPU.Build.0 = Debug|Any CPU
		{5091D43C-6DAB-4A47-BD3E-E05DFBE33C01}.Release|Any CPU.ActiveCfg = Release|Any CPU
		{5091D43C-6DAB-4A47-BD3E-E05DFBE33C01}.Release|Any CPU.Build.0 = Release|Any CPU
	EndGlobalSection
	GlobalSection(SolutionProperties) = preSolution
		HideSolutionNode = FALSE
	EndGlobalSection
	GlobalSection(ExtensibilityGlobals) = postSolution
		SolutionGuid = {D8DC2FE6-5ECB-491E-9B05-1FB23B4DDA5A}
	EndGlobalSection
EndGlobal
